
Microsoft Visual Studio Solution File, Format Version 12.00
# Visual Studio Version 17
VisualStudioVersion = 17.3.32929.385
MinimumVisualStudioVersion = 10.0.40219.1
Project("{FAE04EC0-301F-11D3-BF4B-00C04F79EFBC}") = "Volintiru_Andreea_Lab6", "Volintiru_Andreea_Lab6.csproj", "{ABB9F3C7-D7FB-4E15-AD09-0A5C3C9B873E}"
EndProject
Global
	GlobalSection(SolutionConfigurationPlatforms) = preSolution
		Debug|Any CPU = Debug|Any CPU
		Release|Any CPU = Release|Any CPU
	EndGlobalSection
	GlobalSection(ProjectConfigurationPlatforms) = postSolution
		{ABB9F3C7-D7FB-4E15-AD09-0A5C3C9B873E}.Debug|Any CPU.ActiveCfg = Debug|Any CPU
		{ABB9F3C7-D7FB-4E15-AD09-0A5C3C9B873E}.Debug|Any CPU.Build.0 = Debug|Any CPU
		{ABB9F3C7-D7FB-4E15-AD09-0A5C3C9B873E}.Release|Any CPU.ActiveCfg = Release|Any CPU
		{ABB9F3C7-D7FB-4E15-AD09-0A5C3C9B873E}.Release|Any CPU.Build.0 = Release|Any CPU
	EndGlobalSection
	GlobalSection(SolutionProperties) = preSolution
		HideSolutionNode = FALSE
	EndGlobalSection
	GlobalSection(ExtensibilityGlobals) = postSolution
		SolutionGuid = {CD57D515-6E15-4F7D-9F01-24673ADEB4F6}
	EndGlobalSection
EndGlobal
